{
  "name": "src",
  "lockfileVersion": 2,
  "requires": true,
  "packages": {
    "": {
      "devDependencies": {
        "agora-rtc-sdk-ng": "^4.4.0"
      }
    },
    "node_modules/agora-rtc-sdk-ng": {
      "version": "4.4.0",
      "resolved": "https://registry.npmjs.org/agora-rtc-sdk-ng/-/agora-rtc-sdk-ng-4.4.0.tgz",
      "integrity": "sha512-wcXLPL9+5BwRXlALm2LYADMRALC2Q76On/BGgJgEmURnnIdJkiWito6YKrXsumkxvnzCGlkPgIt6QoLVqnAYug==",
      "dev": true
    }
  },
  "dependencies": {
    "agora-rtc-sdk-ng": {
      "version": "4.4.0",
      "resolved": "https://registry.npmjs.org/agora-rtc-sdk-ng/-/agora-rtc-sdk-ng-4.4.0.tgz",
      "integrity": "sha512-wcXLPL9+5BwRXlALm2LYADMRALC2Q76On/BGgJgEmURnnIdJkiWito6YKrXsumkxvnzCGlkPgIt6QoLVqnAYug==",
      "dev": true
    }
  }
}
